{
  "name": "JsonRPC",
  "lockfileVersion": 3,
  "requires": true,
  "packages": {
    "": {
      "dependencies": {
        "node-json-rpc": "^0.0.1"
      }
    },
    "node_modules/node-json-rpc": {
      "version": "0.0.1",
      "resolved": "https://registry.npmjs.org/node-json-rpc/-/node-json-rpc-0.0.1.tgz",
      "integrity": "sha512-jL2SFM5IWHNO0ioss7A8hrnYj5CRd3XVjgTszRgkfaOMT+zpmyhnndNFi4+hzBog0BRJG1sHySC7rEPXptnyhw==",
      "engines": {
        "node": ">= 0.10.0"
      }
    }
  }
}
